# THIS IS AN AUTOGENERATED FILE. DO NOT EDIT THIS FILE DIRECTLY.
# yarn lockfile v1


bootstrap-growl-ifightcrime@^1.1.0:
  version "1.1.0"
  resolved "https://registry.yarnpkg.com/bootstrap-growl-ifightcrime/-/bootstrap-growl-ifightcrime-1.1.0.tgz#3f83c12bd29281315580a05ec13841d60031539e"
  integrity sha1-P4PBK9KSgTFVgKBewThB1gAxU54=

bootstrap-select@1.10.x:
  version "1.10.0"
  resolved "https://registry.yarnpkg.com/bootstrap-select/-/bootstrap-select-1.10.0.tgz#9499679e70004dbc00872522322d3b93a0f132e4"
  integrity sha1-lJlnnnAATbwAhyUiMi07k6DxMuQ=
  dependencies:
    jquery ">=1.8"

bootstrap-slider@5.0.x:
  version "5.0.12"
  resolved "https://registry.yarnpkg.com/bootstrap-slider/-/bootstrap-slider-5.0.12.tgz#c4abd06a7f50ba063506214a887b989b2fdd2685"
  integrity sha1-xKvQan9QugY1BiFKiHuYmy/dJoU=

bootstrap-validator@^0.6.0:
  version "0.6.0"
  resolved "https://registry.yarnpkg.com/bootstrap-validator/-/bootstrap-validator-0.6.0.tgz#60bc865e3211a05581bff7357d8df4eca56336b6"
  integrity sha1-YLyGXjIRoFWBv/c1fY307KVjNrY=

bootstrap@3.3.x:
  version "3.3.7"
  resolved "https://registry.yarnpkg.com/bootstrap/-/bootstrap-3.3.7.tgz#5a389394549f23330875a3b150656574f8a9eb71"
  integrity sha1-WjiTlFSfIzMIdaOxUGVldPip63E=

font-awesome@4.6.x:
  version "4.6.3"
  resolved "https://registry.yarnpkg.com/font-awesome/-/font-awesome-4.6.3.tgz#86933651540ee00874c664017f50f2172f6531a2"
  integrity sha1-hpM2UVQO4Ah0xmQBf1DyFy9lMaI=

jquery-visible@1.2.x:
  version "1.2.0"
  resolved "https://registry.yarnpkg.com/jquery-visible/-/jquery-visible-1.2.0.tgz#4839cac492f2e7f705fd06b1cde202b5da97c1e9"
  integrity sha1-SDnKxJLy5/cF/QaxzeICtdqXwek=

jquery@2.1.x:
  version "2.1.4"
  resolved "https://registry.yarnpkg.com/jquery/-/jquery-2.1.4.tgz#228bde698a0c61431dc2630a6a154f15890d2317"
  integrity sha1-IoveaYoMYUMdwmMKahVPFYkNIxc=

jquery@>=1.8, jquery@>=1.9.1:
  version "3.4.1"
  resolved "https://registry.yarnpkg.com/jquery/-/jquery-3.4.1.tgz#714f1f8d9dde4bdfa55764ba37ef214630d80ef2"
  integrity sha512-36+AdBzCL+y6qjw5Tx7HgzeGCzC81MDDgaUP8ld2zhx58HdqXGoBd+tHdrBMiyjGQs0Hxs/MLZTu/eHNJJuWPw==

js-cookie@2.0.x:
  version "2.0.4"
  resolved "https://registry.yarnpkg.com/js-cookie/-/js-cookie-2.0.4.tgz#5f43d1872118aaf5e7a16029b70976eb7315c6a5"
  integrity sha1-X0PRhyEYqvXnoWAptwl263MVxqU=

jstree@3.0.x:
  version "3.0.9"
  resolved "https://registry.yarnpkg.com/jstree/-/jstree-3.0.9.tgz#d562ce3510325d4680e72140649cd255d377c7b7"
  integrity sha1-1WLONRAyXUaA5yFAZJzSVdN3x7c=
  dependencies:
    jquery ">=1.9.1"
